
Microsoft Visual Studio Solution File, Format Version 12.00
# Visual Studio for Mac
Project("{FAE04EC0-301F-11D3-BF4B-00C04F79EFBC}") = "LeanCloud.Play", "LeanCloud.Play.csproj", "{EA1CA6C0-FD3D-1BB7-0465-E7C38B01139C}"
EndProject
Project("{FAE04EC0-301F-11D3-BF4B-00C04F79EFBC}") = "Tests", "Tests.csproj", "{8A93EEEC-F37B-27F7-2CDA-1D1E6036E20A}"
EndProject
Global
	GlobalSection(SolutionConfigurationPlatforms) = preSolution
		Debug|Any CPU = Debug|Any CPU
		Release|Any CPU = Release|Any CPU
	EndGlobalSection
	GlobalSection(ProjectConfigurationPlatforms) = postSolution
		{EA1CA6C0-FD3D-1BB7-0465-E7C38B01139C}.Debug|Any CPU.ActiveCfg = Debug|Any CPU
		{EA1CA6C0-FD3D-1BB7-0465-E7C38B01139C}.Debug|Any CPU.Build.0 = Debug|Any CPU
		{EA1CA6C0-FD3D-1BB7-0465-E7C38B01139C}.Release|Any CPU.ActiveCfg = Release|Any CPU
		{EA1CA6C0-FD3D-1BB7-0465-E7C38B01139C}.Release|Any CPU.Build.0 = Release|Any CPU
		{8A93EEEC-F37B-27F7-2CDA-1D1E6036E20A}.Debug|Any CPU.ActiveCfg = Debug|Any CPU
		{8A93EEEC-F37B-27F7-2CDA-1D1E6036E20A}.Debug|Any CPU.Build.0 = Debug|Any CPU
		{8A93EEEC-F37B-27F7-2CDA-1D1E6036E20A}.Release|Any CPU.ActiveCfg = Release|Any CPU
		{8A93EEEC-F37B-27F7-2CDA-1D1E6036E20A}.Release|Any CPU.Build.0 = Release|Any CPU
	EndGlobalSection
	GlobalSection(SolutionProperties) = preSolution
		HideSolutionNode = FALSE
	EndGlobalSection
EndGlobal
