
Microsoft Visual Studio Solution File, Format Version 12.00
# Visual Studio 15
Project("{FAE04EC0-301F-11D3-BF4B-00C04F79EFBC}") = "LeanCloud.Play", "LeanCloud.Play.csproj", "{63CBFAC4-F5BC-0B9D-08D8-D2B65F949737}"
EndProject
Project("{FAE04EC0-301F-11D3-BF4B-00C04F79EFBC}") = "Tests", "Tests.csproj", "{F91DE72D-5955-A840-0BAD-981A8DA82EA5}"
EndProject
Project("{FAE04EC0-301F-11D3-BF4B-00C04F79EFBC}") = "Assembly-CSharp", "Assembly-CSharp.csproj", "{DC546946-E16B-0D8A-CEB9-664FD5E5994E}"
EndProject
Global
	GlobalSection(SolutionConfigurationPlatforms) = preSolution
		Debug|Any CPU = Debug|Any CPU
		Release|Any CPU = Release|Any CPU
	EndGlobalSection
	GlobalSection(ProjectConfigurationPlatforms) = postSolution
		{63CBFAC4-F5BC-0B9D-08D8-D2B65F949737}.Debug|Any CPU.ActiveCfg = Debug|Any CPU
		{63CBFAC4-F5BC-0B9D-08D8-D2B65F949737}.Debug|Any CPU.Build.0 = Debug|Any CPU
		{63CBFAC4-F5BC-0B9D-08D8-D2B65F949737}.Release|Any CPU.ActiveCfg = Release|Any CPU
		{63CBFAC4-F5BC-0B9D-08D8-D2B65F949737}.Release|Any CPU.Build.0 = Release|Any CPU
		{F91DE72D-5955-A840-0BAD-981A8DA82EA5}.Debug|Any CPU.ActiveCfg = Debug|Any CPU
		{F91DE72D-5955-A840-0BAD-981A8DA82EA5}.Debug|Any CPU.Build.0 = Debug|Any CPU
		{F91DE72D-5955-A840-0BAD-981A8DA82EA5}.Release|Any CPU.ActiveCfg = Release|Any CPU
		{F91DE72D-5955-A840-0BAD-981A8DA82EA5}.Release|Any CPU.Build.0 = Release|Any CPU
		{DC546946-E16B-0D8A-CEB9-664FD5E5994E}.Debug|Any CPU.ActiveCfg = Debug|Any CPU
		{DC546946-E16B-0D8A-CEB9-664FD5E5994E}.Debug|Any CPU.Build.0 = Debug|Any CPU
		{DC546946-E16B-0D8A-CEB9-664FD5E5994E}.Release|Any CPU.ActiveCfg = Release|Any CPU
		{DC546946-E16B-0D8A-CEB9-664FD5E5994E}.Release|Any CPU.Build.0 = Release|Any CPU
	EndGlobalSection
	GlobalSection(SolutionProperties) = preSolution
		HideSolutionNode = FALSE
	EndGlobalSection
EndGlobal
